
Microsoft Visual Studio Solution File, Format Version 11.00
# Visual Studio 2010
Project("{FAE04EC0-301F-11D3-BF4B-00C04F79EFBC}") = "GalaxyJam", "GalaxyJam\GalaxyJam\GalaxyJam.csproj", "{B7D5785C-381B-4A73-B440-C20C91FA2D03}"
EndProject
Project("{FAE04EC0-301F-11D3-BF4B-00C04F79EFBC}") = "GalaxyJamContent", "GalaxyJam\GalaxyJamContent\GalaxyJamContent.contentproj", "{B5BE1D16-6685-4AD0-B763-6DFFAF3972B5}"
EndProject
Project("{FAE04EC0-301F-11D3-BF4B-00C04F79EFBC}") = "SpoidaGamesArcadeLibrary", "SpoidaGamesArcadeLibrary\SpoidaGamesArcadeLibrary.csproj", "{D13A2A74-6D18-4EE3-9F15-8CDB90B2A27F}"
EndProject
Project("{FAE04EC0-301F-11D3-BF4B-00C04F79EFBC}") = "Farseer Physics XNA", "..\Farseer Physics Engine 3.3 XNA\Farseer Physics XNA.csproj", "{0A850700-1ABB-4288-A391-6726B90EBEB9}"
EndProject
Global
	GlobalSection(SolutionConfigurationPlatforms) = preSolution
		Debug|x86 = Debug|x86
		Release|x86 = Release|x86
	EndGlobalSection
	GlobalSection(ProjectConfigurationPlatforms) = postSolution
		{B7D5785C-381B-4A73-B440-C20C91FA2D03}.Debug|x86.ActiveCfg = Debug|x86
		{B7D5785C-381B-4A73-B440-C20C91FA2D03}.Debug|x86.Build.0 = Debug|x86
		{B7D5785C-381B-4A73-B440-C20C91FA2D03}.Release|x86.ActiveCfg = Release|x86
		{B7D5785C-381B-4A73-B440-C20C91FA2D03}.Release|x86.Build.0 = Release|x86
		{B5BE1D16-6685-4AD0-B763-6DFFAF3972B5}.Debug|x86.ActiveCfg = Debug|x86
		{B5BE1D16-6685-4AD0-B763-6DFFAF3972B5}.Release|x86.ActiveCfg = Release|x86
		{D13A2A74-6D18-4EE3-9F15-8CDB90B2A27F}.Debug|x86.ActiveCfg = Debug|x86
		{D13A2A74-6D18-4EE3-9F15-8CDB90B2A27F}.Debug|x86.Build.0 = Debug|x86
		{D13A2A74-6D18-4EE3-9F15-8CDB90B2A27F}.Release|x86.ActiveCfg = Release|x86
		{D13A2A74-6D18-4EE3-9F15-8CDB90B2A27F}.Release|x86.Build.0 = Release|x86
		{0A850700-1ABB-4288-A391-6726B90EBEB9}.Debug|x86.ActiveCfg = Debug|x86
		{0A850700-1ABB-4288-A391-6726B90EBEB9}.Debug|x86.Build.0 = Debug|x86
		{0A850700-1ABB-4288-A391-6726B90EBEB9}.Release|x86.ActiveCfg = Release|x86
		{0A850700-1ABB-4288-A391-6726B90EBEB9}.Release|x86.Build.0 = Release|x86
	EndGlobalSection
	GlobalSection(SolutionProperties) = preSolution
		HideSolutionNode = FALSE
	EndGlobalSection
EndGlobal
